
Microsoft Visual Studio Solution File, Format Version 12.00
# Visual Studio 15
VisualStudioVersion = 15.0.27004.2010
MinimumVisualStudioVersion = 10.0.40219.1
Project("{FAE04EC0-301F-11D3-BF4B-00C04F79EFBC}") = "MyCqrsEsRedisDemo", "MyCqrsEsRedisDemo\MyCqrsEsRedisDemo.csproj", "{062165B2-DE28-456D-8793-207DD81C81DA}"
EndProject
Project("{FAE04EC0-301F-11D3-BF4B-00C04F79EFBC}") = "MyCqrsEsRedisDemo.Domain", "MyCqrsEsRedisDemo.Domain\MyCqrsEsRedisDemo.Domain.csproj", "{07C271FF-E6B1-4958-875B-9909571E0D40}"
EndProject
Global
	GlobalSection(SolutionConfigurationPlatforms) = preSolution
		Debug|Any CPU = Debug|Any CPU
		Release|Any CPU = Release|Any CPU
	EndGlobalSection
	GlobalSection(ProjectConfigurationPlatforms) = postSolution
		{062165B2-DE28-456D-8793-207DD81C81DA}.Debug|Any CPU.ActiveCfg = Debug|Any CPU
		{062165B2-DE28-456D-8793-207DD81C81DA}.Debug|Any CPU.Build.0 = Debug|Any CPU
		{062165B2-DE28-456D-8793-207DD81C81DA}.Release|Any CPU.ActiveCfg = Release|Any CPU
		{062165B2-DE28-456D-8793-207DD81C81DA}.Release|Any CPU.Build.0 = Release|Any CPU
		{07C271FF-E6B1-4958-875B-9909571E0D40}.Debug|Any CPU.ActiveCfg = Debug|Any CPU
		{07C271FF-E6B1-4958-875B-9909571E0D40}.Debug|Any CPU.Build.0 = Debug|Any CPU
		{07C271FF-E6B1-4958-875B-9909571E0D40}.Release|Any CPU.ActiveCfg = Release|Any CPU
		{07C271FF-E6B1-4958-875B-9909571E0D40}.Release|Any CPU.Build.0 = Release|Any CPU
	EndGlobalSection
	GlobalSection(SolutionProperties) = preSolution
		HideSolutionNode = FALSE
	EndGlobalSection
	GlobalSection(ExtensibilityGlobals) = postSolution
		SolutionGuid = {147AB4E6-8E30-4FE2-AE7E-1BDB19AF9751}
	EndGlobalSection
EndGlobal
